
Microsoft Visual Studio Solution File, Format Version 12.00
# Visual Studio Version 17
VisualStudioVersion = 17.0.31903.59
MinimumVisualStudioVersion = 10.0.40219.1
Project("{9A19103F-16F7-4668-BE54-9A1E7A4F7556}") = "afh-api", "afh-api\afh-api.csproj", "{A577084B-8A66-47AE-8EF8-515DEF59E5EA}"
EndProject
Project("{9A19103F-16F7-4668-BE54-9A1E7A4F7556}") = "afh-db", "afh-db\afh-db.csproj", "{57C493AA-824E-45FB-A405-5FE84AF4EDCB}"
EndProject
Project("{FAE04EC0-301F-11D3-BF4B-00C04F79EFBC}") = "afh-shared", "afh-shared\afh-shared.csproj", "{C6FDED41-189D-482D-AA6E-2E7612E69667}"
EndProject
Project("{FAE04EC0-301F-11D3-BF4B-00C04F79EFBC}") = "afh-be.Tests", "afh-be.Tests\afh-be.Tests.csproj", "{5F8435BF-0B92-4C23-B48A-C23890B72F3D}"
EndProject
Global
	GlobalSection(SolutionConfigurationPlatforms) = preSolution
		Debug|Any CPU = Debug|Any CPU
		Release|Any CPU = Release|Any CPU
	EndGlobalSection
	GlobalSection(ProjectConfigurationPlatforms) = postSolution
		{A577084B-8A66-47AE-8EF8-515DEF59E5EA}.Debug|Any CPU.ActiveCfg = Debug|Any CPU
		{A577084B-8A66-47AE-8EF8-515DEF59E5EA}.Debug|Any CPU.Build.0 = Debug|Any CPU
		{A577084B-8A66-47AE-8EF8-515DEF59E5EA}.Release|Any CPU.ActiveCfg = Release|Any CPU
		{A577084B-8A66-47AE-8EF8-515DEF59E5EA}.Release|Any CPU.Build.0 = Release|Any CPU
		{57C493AA-824E-45FB-A405-5FE84AF4EDCB}.Debug|Any CPU.ActiveCfg = Debug|Any CPU
		{57C493AA-824E-45FB-A405-5FE84AF4EDCB}.Debug|Any CPU.Build.0 = Debug|Any CPU
		{57C493AA-824E-45FB-A405-5FE84AF4EDCB}.Release|Any CPU.ActiveCfg = Release|Any CPU
		{57C493AA-824E-45FB-A405-5FE84AF4EDCB}.Release|Any CPU.Build.0 = Release|Any CPU
		{C6FDED41-189D-482D-AA6E-2E7612E69667}.Debug|Any CPU.ActiveCfg = Debug|Any CPU
		{C6FDED41-189D-482D-AA6E-2E7612E69667}.Debug|Any CPU.Build.0 = Debug|Any CPU
		{C6FDED41-189D-482D-AA6E-2E7612E69667}.Release|Any CPU.ActiveCfg = Release|Any CPU
		{C6FDED41-189D-482D-AA6E-2E7612E69667}.Release|Any CPU.Build.0 = Release|Any CPU
		{5F8435BF-0B92-4C23-B48A-C23890B72F3D}.Debug|Any CPU.ActiveCfg = Debug|Any CPU
		{5F8435BF-0B92-4C23-B48A-C23890B72F3D}.Debug|Any CPU.Build.0 = Debug|Any CPU
		{5F8435BF-0B92-4C23-B48A-C23890B72F3D}.Release|Any CPU.ActiveCfg = Release|Any CPU
		{5F8435BF-0B92-4C23-B48A-C23890B72F3D}.Release|Any CPU.Build.0 = Release|Any CPU
	EndGlobalSection
	GlobalSection(SolutionProperties) = preSolution
		HideSolutionNode = FALSE
	EndGlobalSection
	GlobalSection(ExtensibilityGlobals) = postSolution
		SolutionGuid = {4F49228C-555C-440E-BC2F-1EB1BEF9AD8B}
	EndGlobalSection
EndGlobal
